
Microsoft Visual Studio Solution File, Format Version 12.00
# Visual Studio Version 16
VisualStudioVersion = 16.0.30804.86
MinimumVisualStudioVersion = 10.0.40219.1
Project("{FAE04EC0-301F-11D3-BF4B-00C04F79EFBC}") = "downloader", "downloader\downloader.csproj", "{D15AD1A3-6FC6-4623-9183-24805E8AF4CA}"
EndProject
Global
	GlobalSection(SolutionConfigurationPlatforms) = preSolution
		Debug|Any CPU = Debug|Any CPU
		Release|Any CPU = Release|Any CPU
	EndGlobalSection
	GlobalSection(ProjectConfigurationPlatforms) = postSolution
		{D15AD1A3-6FC6-4623-9183-24805E8AF4CA}.Debug|Any CPU.ActiveCfg = Debug|Any CPU
		{D15AD1A3-6FC6-4623-9183-24805E8AF4CA}.Debug|Any CPU.Build.0 = Debug|Any CPU
		{D15AD1A3-6FC6-4623-9183-24805E8AF4CA}.Release|Any CPU.ActiveCfg = Release|Any CPU
		{D15AD1A3-6FC6-4623-9183-24805E8AF4CA}.Release|Any CPU.Build.0 = Release|Any CPU
	EndGlobalSection
	GlobalSection(SolutionProperties) = preSolution
		HideSolutionNode = FALSE
	EndGlobalSection
	GlobalSection(ExtensibilityGlobals) = postSolution
		SolutionGuid = {E0051C19-11D1-4FAA-8D8A-96EE8CAC4CEC}
	EndGlobalSection
EndGlobal
